
Microsoft Visual Studio Solution File, Format Version 12.00
# Visual Studio Version 17
VisualStudioVersion = 17.12.35514.174
MinimumVisualStudioVersion = 10.0.40219.1
Project("{8BC9CEB8-8B4A-11D0-8D11-00A0C91BC942}") = "Ders1", "Ders1\Ders1.vcxproj", "{6927B0A9-38A5-4586-9981-A9C9A37BB51B}"
EndProject
Project("{8BC9CEB8-8B4A-11D0-8D11-00A0C91BC942}") = "Ders2", "Ders2\Ders2.vcxproj", "{04613701-73B0-4A15-96E2-F1E4C5E5429C}"
EndProject
Project("{8BC9CEB8-8B4A-11D0-8D11-00A0C91BC942}") = "Ders3", "Ders3\Ders3.vcxproj", "{1DEB0259-5F5A-47FD-BAAE-DEF1A185174B}"
EndProject
Project("{8BC9CEB8-8B4A-11D0-8D11-00A0C91BC942}") = "Ders4", "Ders4\Ders4.vcxproj", "{DD10F951-064C-45E2-AEB9-2C86C926B809}"
EndProject
Project("{8BC9CEB8-8B4A-11D0-8D11-00A0C91BC942}") = "Ders5ÜstAlma", "Ders5ÜstAlma\Ders5ÜstAlma.vcxproj", "{EFBF9CAA-EB73-46D8-B195-A76876E15E60}"
EndProject
Project("{8BC9CEB8-8B4A-11D0-8D11-00A0C91BC942}") = "Ders6Yuvarlama", "Ders6Yuvarlama\Ders6Yuvarlama.vcxproj", "{185ED940-1E09-4F46-95E6-67856837F03B}"
EndProject
Project("{8BC9CEB8-8B4A-11D0-8D11-00A0C91BC942}") = "Ders7MutlakDeğer", "Ders7MutlakDeğer\Ders7MutlakDeğer.vcxproj", "{D71B23F3-17D3-4F62-809F-E5A1F2AA8C72}"
EndProject
Project("{8BC9CEB8-8B4A-11D0-8D11-00A0C91BC942}") = "Ders8sinvecoshesaplama", "Ders8sinvecoshesaplama\Ders8sinvecoshesaplama.vcxproj", "{1E1D4F36-2BEE-4158-93D8-70D85A9D2276}"
EndProject
Project("{8BC9CEB8-8B4A-11D0-8D11-00A0C91BC942}") = "Ders9PutsGets", "Ders9PutsGets\Ders9PutsGets.vcxproj", "{8EBC9C35-8ACE-4E77-B118-8E987D8A31DD}"
EndProject
Project("{8BC9CEB8-8B4A-11D0-8D11-00A0C91BC942}") = "Ders10Strlen", "Ders10Strlen\Ders10Strlen.vcxproj", "{7ABB4EBE-D317-4EEC-A933-655DBE5DCDA5}"
EndProject
Project("{8BC9CEB8-8B4A-11D0-8D11-00A0C91BC942}") = "Ders11Stringdebiçimlendirilmişkullanımlar", "Ders11Stringdebiçimlendirilmişkullanımlar\Ders11Stringdebiçimlendirilmişkullanımlar.vcxproj", "{2D7455DB-3834-419D-8B2A-CA9F5D982004}"
EndProject
Project("{8BC9CEB8-8B4A-11D0-8D11-00A0C91BC942}") = "Ders12StrcpyStrncpy", "Ders12StrcpyStrncpy\Ders12StrcpyStrncpy.vcxproj", "{DC5D5185-6FD8-40D8-BE3C-63C04E65DFFA}"
EndProject
Project("{8BC9CEB8-8B4A-11D0-8D11-00A0C91BC942}") = "Ders13Strcat", "Ders13Strcat\Ders13Strcat.vcxproj", "{CA1B4F79-9AF8-49A2-98E8-49AD9608D52A}"
EndProject
Project("{8BC9CEB8-8B4A-11D0-8D11-00A0C91BC942}") = "Ders14Scanf", "Ders14Scanf\Ders14Scanf.vcxproj", "{BC17F98D-5E05-49EA-80AC-D6E5C788F4C3}"
EndProject
Project("{8BC9CEB8-8B4A-11D0-8D11-00A0C91BC942}") = "Ders15Enum", "Ders15Enum\Ders15Enum.vcxproj", "{EF41E970-8D42-4424-BAEC-4E7DFAAB45D7}"
EndProject
Global
	GlobalSection(SolutionConfigurationPlatforms) = preSolution
		Debug|x64 = Debug|x64
		Debug|x86 = Debug|x86
		Release|x64 = Release|x64
		Release|x86 = Release|x86
	EndGlobalSection
	GlobalSection(ProjectConfigurationPlatforms) = postSolution
		{6927B0A9-38A5-4586-9981-A9C9A37BB51B}.Debug|x64.ActiveCfg = Debug|x64
		{6927B0A9-38A5-4586-9981-A9C9A37BB51B}.Debug|x64.Build.0 = Debug|x64
		{6927B0A9-38A5-4586-9981-A9C9A37BB51B}.Debug|x86.ActiveCfg = Debug|Win32
		{6927B0A9-38A5-4586-9981-A9C9A37BB51B}.Debug|x86.Build.0 = Debug|Win32
		{6927B0A9-38A5-4586-9981-A9C9A37BB51B}.Release|x64.ActiveCfg = Release|x64
		{6927B0A9-38A5-4586-9981-A9C9A37BB51B}.Release|x64.Build.0 = Release|x64
		{6927B0A9-38A5-4586-9981-A9C9A37BB51B}.Release|x86.ActiveCfg = Release|Win32
		{6927B0A9-38A5-4586-9981-A9C9A37BB51B}.Release|x86.Build.0 = Release|Win32
		{04613701-73B0-4A15-96E2-F1E4C5E5429C}.Debug|x64.ActiveCfg = Debug|x64
		{04613701-73B0-4A15-96E2-F1E4C5E5429C}.Debug|x64.Build.0 = Debug|x64
		{04613701-73B0-4A15-96E2-F1E4C5E5429C}.Debug|x86.ActiveCfg = Debug|Win32
		{04613701-73B0-4A15-96E2-F1E4C5E5429C}.Debug|x86.Build.0 = Debug|Win32
		{04613701-73B0-4A15-96E2-F1E4C5E5429C}.Release|x64.ActiveCfg = Release|x64
		{04613701-73B0-4A15-96E2-F1E4C5E5429C}.Release|x64.Build.0 = Release|x64
		{04613701-73B0-4A15-96E2-F1E4C5E5429C}.Release|x86.ActiveCfg = Release|Win32
		{04613701-73B0-4A15-96E2-F1E4C5E5429C}.Release|x86.Build.0 = Release|Win32
		{1DEB0259-5F5A-47FD-BAAE-DEF1A185174B}.Debug|x64.ActiveCfg = Debug|x64
		{1DEB0259-5F5A-47FD-BAAE-DEF1A185174B}.Debug|x64.Build.0 = Debug|x64
		{1DEB0259-5F5A-47FD-BAAE-DEF1A185174B}.Debug|x86.ActiveCfg = Debug|Win32
		{1DEB0259-5F5A-47FD-BAAE-DEF1A185174B}.Debug|x86.Build.0 = Debug|Win32
		{1DEB0259-5F5A-47FD-BAAE-DEF1A185174B}.Release|x64.ActiveCfg = Release|x64
		{1DEB0259-5F5A-47FD-BAAE-DEF1A185174B}.Release|x64.Build.0 = Release|x64
		{1DEB0259-5F5A-47FD-BAAE-DEF1A185174B}.Release|x86.ActiveCfg = Release|Win32
		{1DEB0259-5F5A-47FD-BAAE-DEF1A185174B}.Release|x86.Build.0 = Release|Win32
		{DD10F951-064C-45E2-AEB9-2C86C926B809}.Debug|x64.ActiveCfg = Debug|x64
		{DD10F951-064C-45E2-AEB9-2C86C926B809}.Debug|x64.Build.0 = Debug|x64
		{DD10F951-064C-45E2-AEB9-2C86C926B809}.Debug|x86.ActiveCfg = Debug|Win32
		{DD10F951-064C-45E2-AEB9-2C86C926B809}.Debug|x86.Build.0 = Debug|Win32
		{DD10F951-064C-45E2-AEB9-2C86C926B809}.Release|x64.ActiveCfg = Release|x64
		{DD10F951-064C-45E2-AEB9-2C86C926B809}.Release|x64.Build.0 = Release|x64
		{DD10F951-064C-45E2-AEB9-2C86C926B809}.Release|x86.ActiveCfg = Release|Win32
		{DD10F951-064C-45E2-AEB9-2C86C926B809}.Release|x86.Build.0 = Release|Win32
		{EFBF9CAA-EB73-46D8-B195-A76876E15E60}.Debug|x64.ActiveCfg = Debug|x64
		{EFBF9CAA-EB73-46D8-B195-A76876E15E60}.Debug|x64.Build.0 = Debug|x64
		{EFBF9CAA-EB73-46D8-B195-A76876E15E60}.Debug|x86.ActiveCfg = Debug|Win32
		{EFBF9CAA-EB73-46D8-B195-A76876E15E60}.Debug|x86.Build.0 = Debug|Win32
		{EFBF9CAA-EB73-46D8-B195-A76876E15E60}.Release|x64.ActiveCfg = Release|x64
		{EFBF9CAA-EB73-46D8-B195-A76876E15E60}.Release|x64.Build.0 = Release|x64
		{EFBF9CAA-EB73-46D8-B195-A76876E15E60}.Release|x86.ActiveCfg = Release|Win32
		{EFBF9CAA-EB73-46D8-B195-A76876E15E60}.Release|x86.Build.0 = Release|Win32
		{185ED940-1E09-4F46-95E6-67856837F03B}.Debug|x64.ActiveCfg = Debug|x64
		{185ED940-1E09-4F46-95E6-67856837F03B}.Debug|x64.Build.0 = Debug|x64
		{185ED940-1E09-4F46-95E6-67856837F03B}.Debug|x86.ActiveCfg = Debug|Win32
		{185ED940-1E09-4F46-95E6-67856837F03B}.Debug|x86.Build.0 = Debug|Win32
		{185ED940-1E09-4F46-95E6-67856837F03B}.Release|x64.ActiveCfg = Release|x64
		{185ED940-1E09-4F46-95E6-67856837F03B}.Release|x64.Build.0 = Release|x64
		{185ED940-1E09-4F46-95E6-67856837F03B}.Release|x86.ActiveCfg = Release|Win32
		{185ED940-1E09-4F46-95E6-67856837F03B}.Release|x86.Build.0 = Release|Win32
		{D71B23F3-17D3-4F62-809F-E5A1F2AA8C72}.Debug|x64.ActiveCfg = Debug|x64
		{D71B23F3-17D3-4F62-809F-E5A1F2AA8C72}.Debug|x64.Build.0 = Debug|x64
		{D71B23F3-17D3-4F62-809F-E5A1F2AA8C72}.Debug|x86.ActiveCfg = Debug|Win32
		{D71B23F3-17D3-4F62-809F-E5A1F2AA8C72}.Debug|x86.Build.0 = Debug|Win32
		{D71B23F3-17D3-4F62-809F-E5A1F2AA8C72}.Release|x64.ActiveCfg = Release|x64
		{D71B23F3-17D3-4F62-809F-E5A1F2AA8C72}.Release|x64.Build.0 = Release|x64
		{D71B23F3-17D3-4F62-809F-E5A1F2AA8C72}.Release|x86.ActiveCfg = Release|Win32
		{D71B23F3-17D3-4F62-809F-E5A1F2AA8C72}.Release|x86.Build.0 = Release|Win32
		{1E1D4F36-2BEE-4158-93D8-70D85A9D2276}.Debug|x64.ActiveCfg = Debug|x64
		{1E1D4F36-2BEE-4158-93D8-70D85A9D2276}.Debug|x64.Build.0 = Debug|x64
		{1E1D4F36-2BEE-4158-93D8-70D85A9D2276}.Debug|x86.ActiveCfg = Debug|Win32
		{1E1D4F36-2BEE-4158-93D8-70D85A9D2276}.Debug|x86.Build.0 = Debug|Win32
		{1E1D4F36-2BEE-4158-93D8-70D85A9D2276}.Release|x64.ActiveCfg = Release|x64
		{1E1D4F36-2BEE-4158-93D8-70D85A9D2276}.Release|x64.Build.0 = Release|x64
		{1E1D4F36-2BEE-4158-93D8-70D85A9D2276}.Release|x86.ActiveCfg = Release|Win32
		{1E1D4F36-2BEE-4158-93D8-70D85A9D2276}.Release|x86.Build.0 = Release|Win32
		{8EBC9C35-8ACE-4E77-B118-8E987D8A31DD}.Debug|x64.ActiveCfg = Debug|x64
		{8EBC9C35-8ACE-4E77-B118-8E987D8A31DD}.Debug|x64.Build.0 = Debug|x64
		{8EBC9C35-8ACE-4E77-B118-8E987D8A31DD}.Debug|x86.ActiveCfg = Debug|Win32
		{8EBC9C35-8ACE-4E77-B118-8E987D8A31DD}.Debug|x86.Build.0 = Debug|Win32
		{8EBC9C35-8ACE-4E77-B118-8E987D8A31DD}.Release|x64.ActiveCfg = Release|x64
		{8EBC9C35-8ACE-4E77-B118-8E987D8A31DD}.Release|x64.Build.0 = Release|x64
		{8EBC9C35-8ACE-4E77-B118-8E987D8A31DD}.Release|x86.ActiveCfg = Release|Win32
		{8EBC9C35-8ACE-4E77-B118-8E987D8A31DD}.Release|x86.Build.0 = Release|Win32
		{7ABB4EBE-D317-4EEC-A933-655DBE5DCDA5}.Debug|x64.ActiveCfg = Debug|x64
		{7ABB4EBE-D317-4EEC-A933-655DBE5DCDA5}.Debug|x64.Build.0 = Debug|x64
		{7ABB4EBE-D317-4EEC-A933-655DBE5DCDA5}.Debug|x86.ActiveCfg = Debug|Win32
		{7ABB4EBE-D317-4EEC-A933-655DBE5DCDA5}.Debug|x86.Build.0 = Debug|Win32
		{7ABB4EBE-D317-4EEC-A933-655DBE5DCDA5}.Release|x64.ActiveCfg = Release|x64
		{7ABB4EBE-D317-4EEC-A933-655DBE5DCDA5}.Release|x64.Build.0 = Release|x64
		{7ABB4EBE-D317-4EEC-A933-655DBE5DCDA5}.Release|x86.ActiveCfg = Release|Win32
		{7ABB4EBE-D317-4EEC-A933-655DBE5DCDA5}.Release|x86.Build.0 = Release|Win32
		{2D7455DB-3834-419D-8B2A-CA9F5D982004}.Debug|x64.ActiveCfg = Debug|x64
		{2D7455DB-3834-419D-8B2A-CA9F5D982004}.Debug|x64.Build.0 = Debug|x64
		{2D7455DB-3834-419D-8B2A-CA9F5D982004}.Debug|x86.ActiveCfg = Debug|Win32
		{2D7455DB-3834-419D-8B2A-CA9F5D982004}.Debug|x86.Build.0 = Debug|Win32
		{2D7455DB-3834-419D-8B2A-CA9F5D982004}.Release|x64.ActiveCfg = Release|x64
		{2D7455DB-3834-419D-8B2A-CA9F5D982004}.Release|x64.Build.0 = Release|x64
		{2D7455DB-3834-419D-8B2A-CA9F5D982004}.Release|x86.ActiveCfg = Release|Win32
		{2D7455DB-3834-419D-8B2A-CA9F5D982004}.Release|x86.Build.0 = Release|Win32
		{DC5D5185-6FD8-40D8-BE3C-63C04E65DFFA}.Debug|x64.ActiveCfg = Debug|x64
		{DC5D5185-6FD8-40D8-BE3C-63C04E65DFFA}.Debug|x64.Build.0 = Debug|x64
		{DC5D5185-6FD8-40D8-BE3C-63C04E65DFFA}.Debug|x86.ActiveCfg = Debug|Win32
		{DC5D5185-6FD8-40D8-BE3C-63C04E65DFFA}.Debug|x86.Build.0 = Debug|Win32
		{DC5D5185-6FD8-40D8-BE3C-63C04E65DFFA}.Release|x64.ActiveCfg = Release|x64
		{DC5D5185-6FD8-40D8-BE3C-63C04E65DFFA}.Release|x64.Build.0 = Release|x64
		{DC5D5185-6FD8-40D8-BE3C-63C04E65DFFA}.Release|x86.ActiveCfg = Release|Win32
		{DC5D5185-6FD8-40D8-BE3C-63C04E65DFFA}.Release|x86.Build.0 = Release|Win32
		{CA1B4F79-9AF8-49A2-98E8-49AD9608D52A}.Debug|x64.ActiveCfg = Debug|x64
		{CA1B4F79-9AF8-49A2-98E8-49AD9608D52A}.Debug|x64.Build.0 = Debug|x64
		{CA1B4F79-9AF8-49A2-98E8-49AD9608D52A}.Debug|x86.ActiveCfg = Debug|Win32
		{CA1B4F79-9AF8-49A2-98E8-49AD9608D52A}.Debug|x86.Build.0 = Debug|Win32
		{CA1B4F79-9AF8-49A2-98E8-49AD9608D52A}.Release|x64.ActiveCfg = Release|x64
		{CA1B4F79-9AF8-49A2-98E8-49AD9608D52A}.Release|x64.Build.0 = Release|x64
		{CA1B4F79-9AF8-49A2-98E8-49AD9608D52A}.Release|x86.ActiveCfg = Release|Win32
		{CA1B4F79-9AF8-49A2-98E8-49AD9608D52A}.Release|x86.Build.0 = Release|Win32
		{BC17F98D-5E05-49EA-80AC-D6E5C788F4C3}.Debug|x64.ActiveCfg = Debug|x64
		{BC17F98D-5E05-49EA-80AC-D6E5C788F4C3}.Debug|x64.Build.0 = Debug|x64
		{BC17F98D-5E05-49EA-80AC-D6E5C788F4C3}.Debug|x86.ActiveCfg = Debug|Win32
		{BC17F98D-5E05-49EA-80AC-D6E5C788F4C3}.Debug|x86.Build.0 = Debug|Win32
		{BC17F98D-5E05-49EA-80AC-D6E5C788F4C3}.Release|x64.ActiveCfg = Release|x64
		{BC17F98D-5E05-49EA-80AC-D6E5C788F4C3}.Release|x64.Build.0 = Release|x64
		{BC17F98D-5E05-49EA-80AC-D6E5C788F4C3}.Release|x86.ActiveCfg = Release|Win32
		{BC17F98D-5E05-49EA-80AC-D6E5C788F4C3}.Release|x86.Build.0 = Release|Win32
		{EF41E970-8D42-4424-BAEC-4E7DFAAB45D7}.Debug|x64.ActiveCfg = Debug|x64
		{EF41E970-8D42-4424-BAEC-4E7DFAAB45D7}.Debug|x64.Build.0 = Debug|x64
		{EF41E970-8D42-4424-BAEC-4E7DFAAB45D7}.Debug|x86.ActiveCfg = Debug|Win32
		{EF41E970-8D42-4424-BAEC-4E7DFAAB45D7}.Debug|x86.Build.0 = Debug|Win32
		{EF41E970-8D42-4424-BAEC-4E7DFAAB45D7}.Release|x64.ActiveCfg = Release|x64
		{EF41E970-8D42-4424-BAEC-4E7DFAAB45D7}.Release|x64.Build.0 = Release|x64
		{EF41E970-8D42-4424-BAEC-4E7DFAAB45D7}.Release|x86.ActiveCfg = Release|Win32
		{EF41E970-8D42-4424-BAEC-4E7DFAAB45D7}.Release|x86.Build.0 = Release|Win32
	EndGlobalSection
	GlobalSection(SolutionProperties) = preSolution
		HideSolutionNode = FALSE
	EndGlobalSection
EndGlobal
