
Microsoft Visual Studio Solution File, Format Version 12.00
# Visual Studio Version 17
VisualStudioVersion = 17.12.35514.174
MinimumVisualStudioVersion = 10.0.40219.1
Project("{8BC9CEB8-8B4A-11D0-8D11-00A0C91BC942}") = "Ders1", "Ders1\Ders1.vcxproj", "{6927B0A9-38A5-4586-9981-A9C9A37BB51B}"
EndProject
Project("{8BC9CEB8-8B4A-11D0-8D11-00A0C91BC942}") = "Ders2", "Ders2\Ders2.vcxproj", "{04613701-73B0-4A15-96E2-F1E4C5E5429C}"
EndProject
Project("{8BC9CEB8-8B4A-11D0-8D11-00A0C91BC942}") = "Ders3", "Ders3\Ders3.vcxproj", "{1DEB0259-5F5A-47FD-BAAE-DEF1A185174B}"
EndProject
Project("{8BC9CEB8-8B4A-11D0-8D11-00A0C91BC942}") = "Ders4", "Ders4\Ders4.vcxproj", "{DD10F951-064C-45E2-AEB9-2C86C926B809}"
EndProject
Project("{8BC9CEB8-8B4A-11D0-8D11-00A0C91BC942}") = "Ders5ÜstAlma", "Ders5ÜstAlma\Ders5ÜstAlma.vcxproj", "{EFBF9CAA-EB73-46D8-B195-A76876E15E60}"
EndProject
Project("{8BC9CEB8-8B4A-11D0-8D11-00A0C91BC942}") = "Ders6Yuvarlama", "Ders6Yuvarlama\Ders6Yuvarlama.vcxproj", "{185ED940-1E09-4F46-95E6-67856837F03B}"
EndProject
Project("{8BC9CEB8-8B4A-11D0-8D11-00A0C91BC942}") = "Ders7MutlakDeğer", "Ders7MutlakDeğer\Ders7MutlakDeğer.vcxproj", "{D71B23F3-17D3-4F62-809F-E5A1F2AA8C72}"
EndProject
Project("{8BC9CEB8-8B4A-11D0-8D11-00A0C91BC942}") = "Ders8sinvecoshesaplama", "Ders8sinvecoshesaplama\Ders8sinvecoshesaplama.vcxproj", "{1E1D4F36-2BEE-4158-93D8-70D85A9D2276}"
EndProject
Project("{8BC9CEB8-8B4A-11D0-8D11-00A0C91BC942}") = "Ders9PutsGets", "Ders9PutsGets\Ders9PutsGets.vcxproj", "{8EBC9C35-8ACE-4E77-B118-8E987D8A31DD}"
EndProject
Global
	GlobalSection(SolutionConfigurationPlatforms) = preSolution
		Debug|x64 = Debug|x64
		Debug|x86 = Debug|x86
		Release|x64 = Release|x64
		Release|x86 = Release|x86
	EndGlobalSection
	GlobalSection(ProjectConfigurationPlatforms) = postSolution
		{6927B0A9-38A5-4586-9981-A9C9A37BB51B}.Debug|x64.ActiveCfg = Debug|x64
		{6927B0A9-38A5-4586-9981-A9C9A37BB51B}.Debug|x64.Build.0 = Debug|x64
		{6927B0A9-38A5-4586-9981-A9C9A37BB51B}.Debug|x86.ActiveCfg = Debug|Win32
		{6927B0A9-38A5-4586-9981-A9C9A37BB51B}.Debug|x86.Build.0 = Debug|Win32
		{6927B0A9-38A5-4586-9981-A9C9A37BB51B}.Release|x64.ActiveCfg = Release|x64
		{6927B0A9-38A5-4586-9981-A9C9A37BB51B}.Release|x64.Build.0 = Release|x64
		{6927B0A9-38A5-4586-9981-A9C9A37BB51B}.Release|x86.ActiveCfg = Release|Win32
		{6927B0A9-38A5-4586-9981-A9C9A37BB51B}.Release|x86.Build.0 = Release|Win32
		{04613701-73B0-4A15-96E2-F1E4C5E5429C}.Debug|x64.ActiveCfg = Debug|x64
		{04613701-73B0-4A15-96E2-F1E4C5E5429C}.Debug|x64.Build.0 = Debug|x64
		{04613701-73B0-4A15-96E2-F1E4C5E5429C}.Debug|x86.ActiveCfg = Debug|Win32
		{04613701-73B0-4A15-96E2-F1E4C5E5429C}.Debug|x86.Build.0 = Debug|Win32
		{04613701-73B0-4A15-96E2-F1E4C5E5429C}.Release|x64.ActiveCfg = Release|x64
		{04613701-73B0-4A15-96E2-F1E4C5E5429C}.Release|x64.Build.0 = Release|x64
		{04613701-73B0-4A15-96E2-F1E4C5E5429C}.Release|x86.ActiveCfg = Release|Win32
		{04613701-73B0-4A15-96E2-F1E4C5E5429C}.Release|x86.Build.0 = Release|Win32
		{1DEB0259-5F5A-47FD-BAAE-DEF1A185174B}.Debug|x64.ActiveCfg = Debug|x64
		{1DEB0259-5F5A-47FD-BAAE-DEF1A185174B}.Debug|x64.Build.0 = Debug|x64
		{1DEB0259-5F5A-47FD-BAAE-DEF1A185174B}.Debug|x86.ActiveCfg = Debug|Win32
		{1DEB0259-5F5A-47FD-BAAE-DEF1A185174B}.Debug|x86.Build.0 = Debug|Win32
		{1DEB0259-5F5A-47FD-BAAE-DEF1A185174B}.Release|x64.ActiveCfg = Release|x64
		{1DEB0259-5F5A-47FD-BAAE-DEF1A185174B}.Release|x64.Build.0 = Release|x64
		{1DEB0259-5F5A-47FD-BAAE-DEF1A185174B}.Release|x86.ActiveCfg = Release|Win32
		{1DEB0259-5F5A-47FD-BAAE-DEF1A185174B}.Release|x86.Build.0 = Release|Win32
		{DD10F951-064C-45E2-AEB9-2C86C926B809}.Debug|x64.ActiveCfg = Debug|x64
		{DD10F951-064C-45E2-AEB9-2C86C926B809}.Debug|x64.Build.0 = Debug|x64
		{DD10F951-064C-45E2-AEB9-2C86C926B809}.Debug|x86.ActiveCfg = Debug|Win32
		{DD10F951-064C-45E2-AEB9-2C86C926B809}.Debug|x86.Build.0 = Debug|Win32
		{DD10F951-064C-45E2-AEB9-2C86C926B809}.Release|x64.ActiveCfg = Release|x64
		{DD10F951-064C-45E2-AEB9-2C86C926B809}.Release|x64.Build.0 = Release|x64
		{DD10F951-064C-45E2-AEB9-2C86C926B809}.Release|x86.ActiveCfg = Release|Win32
		{DD10F951-064C-45E2-AEB9-2C86C926B809}.Release|x86.Build.0 = Release|Win32
		{EFBF9CAA-EB73-46D8-B195-A76876E15E60}.Debug|x64.ActiveCfg = Debug|x64
		{EFBF9CAA-EB73-46D8-B195-A76876E15E60}.Debug|x64.Build.0 = Debug|x64
		{EFBF9CAA-EB73-46D8-B195-A76876E15E60}.Debug|x86.ActiveCfg = Debug|Win32
		{EFBF9CAA-EB73-46D8-B195-A76876E15E60}.Debug|x86.Build.0 = Debug|Win32
		{EFBF9CAA-EB73-46D8-B195-A76876E15E60}.Release|x64.ActiveCfg = Release|x64
		{EFBF9CAA-EB73-46D8-B195-A76876E15E60}.Release|x64.Build.0 = Release|x64
		{EFBF9CAA-EB73-46D8-B195-A76876E15E60}.Release|x86.ActiveCfg = Release|Win32
		{EFBF9CAA-EB73-46D8-B195-A76876E15E60}.Release|x86.Build.0 = Release|Win32
		{185ED940-1E09-4F46-95E6-67856837F03B}.Debug|x64.ActiveCfg = Debug|x64
		{185ED940-1E09-4F46-95E6-67856837F03B}.Debug|x64.Build.0 = Debug|x64
		{185ED940-1E09-4F46-95E6-67856837F03B}.Debug|x86.ActiveCfg = Debug|Win32
		{185ED940-1E09-4F46-95E6-67856837F03B}.Debug|x86.Build.0 = Debug|Win32
		{185ED940-1E09-4F46-95E6-67856837F03B}.Release|x64.ActiveCfg = Release|x64
		{185ED940-1E09-4F46-95E6-67856837F03B}.Release|x64.Build.0 = Release|x64
		{185ED940-1E09-4F46-95E6-67856837F03B}.Release|x86.ActiveCfg = Release|Win32
		{185ED940-1E09-4F46-95E6-67856837F03B}.Release|x86.Build.0 = Release|Win32
		{D71B23F3-17D3-4F62-809F-E5A1F2AA8C72}.Debug|x64.ActiveCfg = Debug|x64
		{D71B23F3-17D3-4F62-809F-E5A1F2AA8C72}.Debug|x64.Build.0 = Debug|x64
		{D71B23F3-17D3-4F62-809F-E5A1F2AA8C72}.Debug|x86.ActiveCfg = Debug|Win32
		{D71B23F3-17D3-4F62-809F-E5A1F2AA8C72}.Debug|x86.Build.0 = Debug|Win32
		{D71B23F3-17D3-4F62-809F-E5A1F2AA8C72}.Release|x64.ActiveCfg = Release|x64
		{D71B23F3-17D3-4F62-809F-E5A1F2AA8C72}.Release|x64.Build.0 = Release|x64
		{D71B23F3-17D3-4F62-809F-E5A1F2AA8C72}.Release|x86.ActiveCfg = Release|Win32
		{D71B23F3-17D3-4F62-809F-E5A1F2AA8C72}.Release|x86.Build.0 = Release|Win32
		{1E1D4F36-2BEE-4158-93D8-70D85A9D2276}.Debug|x64.ActiveCfg = Debug|x64
		{1E1D4F36-2BEE-4158-93D8-70D85A9D2276}.Debug|x64.Build.0 = Debug|x64
		{1E1D4F36-2BEE-4158-93D8-70D85A9D2276}.Debug|x86.ActiveCfg = Debug|Win32
		{1E1D4F36-2BEE-4158-93D8-70D85A9D2276}.Debug|x86.Build.0 = Debug|Win32
		{1E1D4F36-2BEE-4158-93D8-70D85A9D2276}.Release|x64.ActiveCfg = Release|x64
		{1E1D4F36-2BEE-4158-93D8-70D85A9D2276}.Release|x64.Build.0 = Release|x64
		{1E1D4F36-2BEE-4158-93D8-70D85A9D2276}.Release|x86.ActiveCfg = Release|Win32
		{1E1D4F36-2BEE-4158-93D8-70D85A9D2276}.Release|x86.Build.0 = Release|Win32
		{8EBC9C35-8ACE-4E77-B118-8E987D8A31DD}.Debug|x64.ActiveCfg = Debug|x64
		{8EBC9C35-8ACE-4E77-B118-8E987D8A31DD}.Debug|x64.Build.0 = Debug|x64
		{8EBC9C35-8ACE-4E77-B118-8E987D8A31DD}.Debug|x86.ActiveCfg = Debug|Win32
		{8EBC9C35-8ACE-4E77-B118-8E987D8A31DD}.Debug|x86.Build.0 = Debug|Win32
		{8EBC9C35-8ACE-4E77-B118-8E987D8A31DD}.Release|x64.ActiveCfg = Release|x64
		{8EBC9C35-8ACE-4E77-B118-8E987D8A31DD}.Release|x64.Build.0 = Release|x64
		{8EBC9C35-8ACE-4E77-B118-8E987D8A31DD}.Release|x86.ActiveCfg = Release|Win32
		{8EBC9C35-8ACE-4E77-B118-8E987D8A31DD}.Release|x86.Build.0 = Release|Win32
	EndGlobalSection
	GlobalSection(SolutionProperties) = preSolution
		HideSolutionNode = FALSE
	EndGlobalSection
EndGlobal
